
Microsoft Visual Studio Solution File, Format Version 12.00
Project("{FAE04EC0-301F-11D3-BF4B-00C04F79EFBC}") = "VivesBlog", "VivesBlog.csproj", "{AE95DAB4-E3FB-48B5-A77E-1347A6B53242}"
EndProject
Global
	GlobalSection(SolutionConfigurationPlatforms) = preSolution
		Debug|Any CPU = Debug|Any CPU
		Release|Any CPU = Release|Any CPU
	EndGlobalSection
	GlobalSection(ProjectConfigurationPlatforms) = postSolution
		{AE95DAB4-E3FB-48B5-A77E-1347A6B53242}.Debug|Any CPU.ActiveCfg = Debug|Any CPU
		{AE95DAB4-E3FB-48B5-A77E-1347A6B53242}.Debug|Any CPU.Build.0 = Debug|Any CPU
		{AE95DAB4-E3FB-48B5-A77E-1347A6B53242}.Release|Any CPU.ActiveCfg = Release|Any CPU
		{AE95DAB4-E3FB-48B5-A77E-1347A6B53242}.Release|Any CPU.Build.0 = Release|Any CPU
	EndGlobalSection
EndGlobal
